
Microsoft Visual Studio Solution File, Format Version 12.00
# Visual Studio 15
VisualStudioVersion = 15.0.28307.168
MinimumVisualStudioVersion = 10.0.40219.1
Project("{FAE04EC0-301F-11D3-BF4B-00C04F79EFBC}") = "TrueSnake", "TrueSnake\TrueSnake.csproj", "{518F32AE-5483-4679-B18E-D4670F887F05}"
EndProject
Global
	GlobalSection(SolutionConfigurationPlatforms) = preSolution
		Debug|Any CPU = Debug|Any CPU
		Release|Any CPU = Release|Any CPU
	EndGlobalSection
	GlobalSection(ProjectConfigurationPlatforms) = postSolution
		{518F32AE-5483-4679-B18E-D4670F887F05}.Debug|Any CPU.ActiveCfg = Debug|Any CPU
		{518F32AE-5483-4679-B18E-D4670F887F05}.Debug|Any CPU.Build.0 = Debug|Any CPU
		{518F32AE-5483-4679-B18E-D4670F887F05}.Release|Any CPU.ActiveCfg = Release|Any CPU
		{518F32AE-5483-4679-B18E-D4670F887F05}.Release|Any CPU.Build.0 = Release|Any CPU
	EndGlobalSection
	GlobalSection(SolutionProperties) = preSolution
		HideSolutionNode = FALSE
	EndGlobalSection
	GlobalSection(ExtensibilityGlobals) = postSolution
		SolutionGuid = {61198BAF-B03E-41F4-A528-4FD087FAE39A}
	EndGlobalSection
EndGlobal
